DEPENDENCIES
  cookbooks-vagrant-ohai
    git: git://github.com/tknerr/cookbooks-vagrant-ohai.git
    revision: f977912917bd9e41eac88d259765afbc74b853ff
  scpr-consul
  scpr-consul-haproxy
    path: ../cookbooks/scpr-consul-haproxy
  scpr-riakcs
    path: ../cookbooks/scpr-riakcs

GRAPH
  7-zip (1.0.3)
    windows (>= 1.2.2)
  apt (2.3.10)
  ark (0.9.1)
    7-zip (>= 0.0.0)
    build-essential (>= 0.0.0)
    windows (>= 0.0.0)
  build-essential (2.0.6)
  chef-provisioning (0.1.2)
    build-essential (>= 0.0.0)
  chef_handler (1.2.0)
  consul (0.8.3)
    chef-provisioning (>= 0.0.0)
    golang (~> 1.4)
    libarchive (>= 0.0.0)
    runit (>= 0.0.0)
    yum-repoforge (>= 0.0.0)
  consul-template (0.9.1)
    ark (>= 0.0.0)
    golang (~> 1.4)
    runit (>= 0.0.0)
  cookbooks-vagrant-ohai (1.0.1)
  dmg (2.3.0)
  dnsmasq (0.2.0)
    hosts_file (>= 0.0.0)
  erlang (1.5.8)
    apt (>= 1.7.0)
    build-essential (>= 0.0.0)
    yum (~> 3.0)
    yum-epel (>= 0.0.0)
    yum-erlang_solutions (>= 0.0.0)
  git (3.1.0)
    build-essential (>= 0.0.0)
    dmg (>= 0.0.0)
    runit (>= 1.0.0)
    windows (>= 0.0.0)
    yum (~> 3.0)
    yum-epel (>= 0.0.0)
  golang (1.5.1)
  hosts_file (0.2.0)
  libarchive (0.4.0)
    build-essential (~> 2.0)
  packagecloud (0.0.18)
  riak (2.4.21)
    apt (~> 2.3.8)
    build-essential (~> 2.0.2)
    erlang (~> 1.5.0)
    git (~> 3.0)
    sysctl (< 0.5.0)
    ulimit (~> 0.3.2)
    yum (~> 3.4)
    yum-epel (~> 0.3)
  riak-cs (2.2.11)
    apt (~> 2.3.8)
    packagecloud (>= 0.0.0)
    riak (~> 2.4.18)
    ulimit (~> 0.3.2)
    yum (~> 3.4)
    yum-epel (~> 0.3)
  runit (1.6.0)
    packagecloud (>= 0.0.0)
  scpr-consul (0.1.24)
    consul (~> 0.8.3)
    dnsmasq (>= 0.0.0)
  scpr-consul-haproxy (0.4.2)
    apt (>= 0.0.0)
    consul-template (>= 0.0.0)
    scpr-consul (>= 0.0.0)
  scpr-riakcs (0.2.1)
    apt (>= 0.0.0)
    riak (>= 0.0.0)
    riak-cs (~> 2.2.10)
    scpr-consul (>= 0.0.0)
    scpr-consul-haproxy (~> 0.4.2)
  sysctl (0.4.0)
  ulimit (0.3.3)
  windows (1.38.4)
    chef_handler (>= 0.0.0)
  yum (3.6.1)
  yum-epel (0.6.0)
    yum (~> 3.0)
  yum-erlang_solutions (0.3.0)
    yum (~> 3.2)
    yum-epel (>= 0.0.0)
  yum-repoforge (0.5.1)
    yum (~> 3.0)
    yum-epel (>= 0.0.0)
